
Microsoft Visual Studio Solution File, Format Version 12.00
# Visual Studio Version 17
VisualStudioVersion = 17.1.32210.238
MinimumVisualStudioVersion = 10.0.40219.1
Project("{2150E333-8FDC-42A3-9474-1A3956D46DE8}") = "Solution Items", "Solution Items", "{03B43981-D7C3-4C2F-94B6-144992475F35}"
	ProjectSection(SolutionItems) = preProject
		.editorconfig = .editorconfig
	EndProjectSection
EndProject
Project("{9A19103F-16F7-4668-BE54-9A1E7A4F7556}") = "TranszInfo.Api", "TranszInfo.Api\TranszInfo.Api.csproj", "{F12DA149-491F-4B83-BF25-375DC02F3B41}"
EndProject
Project("{9A19103F-16F7-4668-BE54-9A1E7A4F7556}") = "TranszInfo.Core", "TranszInfo.Core\TranszInfo.Core.csproj", "{53E81080-529B-4DD5-9FCA-31E9A38EC0D3}"
EndProject
Project("{9A19103F-16F7-4668-BE54-9A1E7A4F7556}") = "TranszInfo.Domain", "TranszInfo.Domain\TranszInfo.Domain.csproj", "{90B32F95-CB75-4821-A5F0-821DF8E47AC5}"
EndProject
Project("{9A19103F-16F7-4668-BE54-9A1E7A4F7556}") = "TranszInfo.Logic", "TranszInfo.Logic\TranszInfo.Logic.csproj", "{5F3B9120-7710-4D68-82CB-A867610E3E61}"
EndProject
Global
	GlobalSection(SolutionConfigurationPlatforms) = preSolution
		Debug|Any CPU = Debug|Any CPU
		Release|Any CPU = Release|Any CPU
	EndGlobalSection
	GlobalSection(ProjectConfigurationPlatforms) = postSolution
		{F12DA149-491F-4B83-BF25-375DC02F3B41}.Debug|Any CPU.ActiveCfg = Debug|Any CPU
		{F12DA149-491F-4B83-BF25-375DC02F3B41}.Debug|Any CPU.Build.0 = Debug|Any CPU
		{F12DA149-491F-4B83-BF25-375DC02F3B41}.Release|Any CPU.ActiveCfg = Release|Any CPU
		{F12DA149-491F-4B83-BF25-375DC02F3B41}.Release|Any CPU.Build.0 = Release|Any CPU
		{53E81080-529B-4DD5-9FCA-31E9A38EC0D3}.Debug|Any CPU.ActiveCfg = Debug|Any CPU
		{53E81080-529B-4DD5-9FCA-31E9A38EC0D3}.Debug|Any CPU.Build.0 = Debug|Any CPU
		{53E81080-529B-4DD5-9FCA-31E9A38EC0D3}.Release|Any CPU.ActiveCfg = Release|Any CPU
		{53E81080-529B-4DD5-9FCA-31E9A38EC0D3}.Release|Any CPU.Build.0 = Release|Any CPU
		{90B32F95-CB75-4821-A5F0-821DF8E47AC5}.Debug|Any CPU.ActiveCfg = Debug|Any CPU
		{90B32F95-CB75-4821-A5F0-821DF8E47AC5}.Debug|Any CPU.Build.0 = Debug|Any CPU
		{90B32F95-CB75-4821-A5F0-821DF8E47AC5}.Release|Any CPU.ActiveCfg = Release|Any CPU
		{90B32F95-CB75-4821-A5F0-821DF8E47AC5}.Release|Any CPU.Build.0 = Release|Any CPU
		{5F3B9120-7710-4D68-82CB-A867610E3E61}.Debug|Any CPU.ActiveCfg = Debug|Any CPU
		{5F3B9120-7710-4D68-82CB-A867610E3E61}.Debug|Any CPU.Build.0 = Debug|Any CPU
		{5F3B9120-7710-4D68-82CB-A867610E3E61}.Release|Any CPU.ActiveCfg = Release|Any CPU
		{5F3B9120-7710-4D68-82CB-A867610E3E61}.Release|Any CPU.Build.0 = Release|Any CPU
	EndGlobalSection
	GlobalSection(SolutionProperties) = preSolution
		HideSolutionNode = FALSE
	EndGlobalSection
	GlobalSection(ExtensibilityGlobals) = postSolution
		SolutionGuid = {565D5F5E-A0BF-48D1-852A-76F40A987E92}
	EndGlobalSection
EndGlobal
